
Microsoft Visual Studio Solution File, Format Version 12.00
# Visual Studio 15
Project("{FAE04EC0-301F-11D3-BF4B-00C04F79EFBC}") = "MVCPractice", "MVCPractice\MVCPractice.csproj", "{FBD5BD74-B8CB-4E48-965F-7E995AF03242}"
EndProject
Global
	GlobalSection(SolutionConfigurationPlatforms) = preSolution
		Debug|Any CPU = Debug|Any CPU
		Release|Any CPU = Release|Any CPU
	EndGlobalSection
	GlobalSection(ProjectConfigurationPlatforms) = postSolution
		{FBD5BD74-B8CB-4E48-965F-7E995AF03242}.Debug|Any CPU.ActiveCfg = Debug|Any CPU
		{FBD5BD74-B8CB-4E48-965F-7E995AF03242}.Debug|Any CPU.Build.0 = Debug|Any CPU
		{FBD5BD74-B8CB-4E48-965F-7E995AF03242}.Release|Any CPU.ActiveCfg = Release|Any CPU
		{FBD5BD74-B8CB-4E48-965F-7E995AF03242}.Release|Any CPU.Build.0 = Release|Any CPU
	EndGlobalSection
EndGlobal
